# NAME: myblock
# AUTHOR: kiri11uk
# REPO: https://github.com/kiri11uk/Clash-rule
# UPDATED: 2026-06-06 09:16:56
# DOMAIN-KEYWORD: 1
# DOMAIN-SUFFIX: 3
# TOTAL: 15
payload:
  - DOMAIN-SUFFIX,4pda.to
  - DOMAIN-SUFFIX,aorus.com
  - DOMAIN-SUFFIX,corsair.com
  - DOMAIN-SUFFIX,dlpsgame.com
  - DOMAIN-SUFFIX,fast.com
  - DOMAIN-SUFFIX,forum.fanatec.com
  - DOMAIN-SUFFIX,idownloadblog.com
  - DOMAIN-SUFFIX,ip.sb
  - DOMAIN-SUFFIX,ipip.net
  - DOMAIN-SUFFIX,ipwho.is
  - DOMAIN-SUFFIX,ipwhois.io
  - DOMAIN-SUFFIX,redmondpie.com
  - DOMAIN-SUFFIX,sing-box.sagernet.org
  - DOMAIN-SUFFIX,skidrowreloaded.com
  - DOMAIN-SUFFIX,strannikmodz.me
